
Microsoft Visual Studio Solution File, Format Version 12.00
# Visual Studio Version 16
VisualStudioVersion = 16.0.33529.622
MinimumVisualStudioVersion = 10.0.40219.1
Project("{FAE04EC0-301F-11D3-BF4B-00C04F79EFBC}") = "Wordle", "Wordle\Wordle.csproj", "{87EE88FB-6452-445D-A3C9-0871B1DDF164}"
EndProject
Project("{9A19103F-16F7-4668-BE54-9A1E7A4F7556}") = "WordleTests", "WordleTests2\WordleTests.csproj", "{1D1E712D-5C1F-4132-80C1-C250E38246A4}"
EndProject
Global
	GlobalSection(SolutionConfigurationPlatforms) = preSolution
		Debug|Any CPU = Debug|Any CPU
		Release|Any CPU = Release|Any CPU
	EndGlobalSection
	GlobalSection(ProjectConfigurationPlatforms) = postSolution
		{87EE88FB-6452-445D-A3C9-0871B1DDF164}.Debug|Any CPU.ActiveCfg = Debug|Any CPU
		{87EE88FB-6452-445D-A3C9-0871B1DDF164}.Debug|Any CPU.Build.0 = Debug|Any CPU
		{87EE88FB-6452-445D-A3C9-0871B1DDF164}.Release|Any CPU.ActiveCfg = Release|Any CPU
		{87EE88FB-6452-445D-A3C9-0871B1DDF164}.Release|Any CPU.Build.0 = Release|Any CPU
		{1D1E712D-5C1F-4132-80C1-C250E38246A4}.Debug|Any CPU.ActiveCfg = Debug|Any CPU
		{1D1E712D-5C1F-4132-80C1-C250E38246A4}.Debug|Any CPU.Build.0 = Debug|Any CPU
		{1D1E712D-5C1F-4132-80C1-C250E38246A4}.Release|Any CPU.ActiveCfg = Release|Any CPU
		{1D1E712D-5C1F-4132-80C1-C250E38246A4}.Release|Any CPU.Build.0 = Release|Any CPU
	EndGlobalSection
	GlobalSection(SolutionProperties) = preSolution
		HideSolutionNode = FALSE
	EndGlobalSection
	GlobalSection(ExtensibilityGlobals) = postSolution
		SolutionGuid = {2F1A5717-1FFE-4693-B8E9-B119EF3CA253}
	EndGlobalSection
EndGlobal
